
Microsoft Visual Studio Solution File, Format Version 12.00
# Visual Studio 15
VisualStudioVersion = 15.0.28307.329
MinimumVisualStudioVersion = 10.0.40219.1
Project("{FAE04EC0-301F-11D3-BF4B-00C04F79EFBC}") = "githubtestNew", "githubtestNew\githubtestNew.csproj", "{DF954F8B-E078-47EB-BED7-EED5D28B371C}"
EndProject
Global
	GlobalSection(SolutionConfigurationPlatforms) = preSolution
		Debug|Any CPU = Debug|Any CPU
		Release|Any CPU = Release|Any CPU
	EndGlobalSection
	GlobalSection(ProjectConfigurationPlatforms) = postSolution
		{DF954F8B-E078-47EB-BED7-EED5D28B371C}.Debug|Any CPU.ActiveCfg = Debug|Any CPU
		{DF954F8B-E078-47EB-BED7-EED5D28B371C}.Debug|Any CPU.Build.0 = Debug|Any CPU
		{DF954F8B-E078-47EB-BED7-EED5D28B371C}.Release|Any CPU.ActiveCfg = Release|Any CPU
		{DF954F8B-E078-47EB-BED7-EED5D28B371C}.Release|Any CPU.Build.0 = Release|Any CPU
	EndGlobalSection
	GlobalSection(SolutionProperties) = preSolution
		HideSolutionNode = FALSE
	EndGlobalSection
	GlobalSection(ExtensibilityGlobals) = postSolution
		SolutionGuid = {D4FB363B-07CC-4386-8E5D-7D87FD5A6CBD}
	EndGlobalSection
EndGlobal
